{
  "requires": true,
  "lockfileVersion": 1,
  "dependencies": {
    "lor-deckcode": {
      "version": "0.1.0",
      "resolved": "https://registry.npmjs.org/lor-deckcode/-/lor-deckcode-0.1.0.tgz",
      "integrity": "sha512-Dm3P7PWRhAAQui4joyNJMk7N3N3W/YJv6xHaRfYphMA2mYxZEW2jdRFTGdZHMHs6BBfFN+f6p1xdm5RRsxykZg=="
    }
  }
}
